
Microsoft Visual Studio Solution File, Format Version 12.00
# Visual Studio Version 16
VisualStudioVersion = 16.0.30804.86
MinimumVisualStudioVersion = 10.0.40219.1
Project("{FAE04EC0-301F-11D3-BF4B-00C04F79EFBC}") = "MiniGame SS", "MiniGame SS\MiniGame SS.csproj", "{70A1C1E2-668B-4E42-BA0A-85DEDEF8386C}"
EndProject
Global
	GlobalSection(SolutionConfigurationPlatforms) = preSolution
		Debug|Any CPU = Debug|Any CPU
		Release|Any CPU = Release|Any CPU
	EndGlobalSection
	GlobalSection(ProjectConfigurationPlatforms) = postSolution
		{70A1C1E2-668B-4E42-BA0A-85DEDEF8386C}.Debug|Any CPU.ActiveCfg = Debug|Any CPU
		{70A1C1E2-668B-4E42-BA0A-85DEDEF8386C}.Debug|Any CPU.Build.0 = Debug|Any CPU
		{70A1C1E2-668B-4E42-BA0A-85DEDEF8386C}.Release|Any CPU.ActiveCfg = Release|Any CPU
		{70A1C1E2-668B-4E42-BA0A-85DEDEF8386C}.Release|Any CPU.Build.0 = Release|Any CPU
	EndGlobalSection
	GlobalSection(SolutionProperties) = preSolution
		HideSolutionNode = FALSE
	EndGlobalSection
	GlobalSection(ExtensibilityGlobals) = postSolution
		SolutionGuid = {5DC20D29-5548-491B-A205-CCFB2FAD1482}
	EndGlobalSection
EndGlobal
